
Microsoft Visual Studio Solution File, Format Version 12.00
# Visual Studio 15
VisualStudioVersion = 15.0.27004.2005
MinimumVisualStudioVersion = 10.0.40219.1
Project("{1B19158F-E398-40A6-8E3B-350508E125F1}") = "POSplus.Shared", "POSplus.Shared\POSplus.Shared.dxjsproj", "{5B46BDDD-22A0-4676-9D6C-F09F143182AB}"
EndProject
Project("{1B19158F-E398-40A6-8E3B-350508E125F1}") = "POSplus.Mobile", "POSplus.Mobile\POSplus.Mobile.dxjsproj", "{C9A9FBE5-8769-42B0-A5BE-F2A95CF96F6C}"
EndProject
Global
	GlobalSection(SolutionConfigurationPlatforms) = preSolution
		Debug|Any CPU = Debug|Any CPU
		Release|Any CPU = Release|Any CPU
	EndGlobalSection
	GlobalSection(ProjectConfigurationPlatforms) = postSolution
		{5B46BDDD-22A0-4676-9D6C-F09F143182AB}.Debug|Any CPU.ActiveCfg = Debug|Any CPU
		{5B46BDDD-22A0-4676-9D6C-F09F143182AB}.Debug|Any CPU.Build.0 = Debug|Any CPU
		{5B46BDDD-22A0-4676-9D6C-F09F143182AB}.Release|Any CPU.ActiveCfg = Release|Any CPU
		{5B46BDDD-22A0-4676-9D6C-F09F143182AB}.Release|Any CPU.Build.0 = Release|Any CPU
		{C9A9FBE5-8769-42B0-A5BE-F2A95CF96F6C}.Debug|Any CPU.ActiveCfg = Debug|Any CPU
		{C9A9FBE5-8769-42B0-A5BE-F2A95CF96F6C}.Debug|Any CPU.Build.0 = Debug|Any CPU
		{C9A9FBE5-8769-42B0-A5BE-F2A95CF96F6C}.Release|Any CPU.ActiveCfg = Release|Any CPU
		{C9A9FBE5-8769-42B0-A5BE-F2A95CF96F6C}.Release|Any CPU.Build.0 = Release|Any CPU
	EndGlobalSection
	GlobalSection(SolutionProperties) = preSolution
		HideSolutionNode = FALSE
	EndGlobalSection
	GlobalSection(ExtensibilityGlobals) = postSolution
		SolutionGuid = {2BB16995-0881-43AD-8F48-8E1DF69A065B}
	EndGlobalSection
EndGlobal
